// !$*UTF8*$!
{
	archiveVersion = 1;
	classes = {
	};
	objectVersion = 77;
	objects = {

/* Begin PBXBuildFile section */
		81F031252EC175D4009A82CD /* FirebaseAnalytics in Frameworks */ = {isa = PBXBuildFile; productRef = 81F031242EC175D4009A82CD /* FirebaseAnalytics */; };
		81F031272EC175D4009A82CD /* FirebaseAuth in Frameworks */ = {isa = PBXBuildFile; productRef = 81F031262EC175D4009A82CD /* FirebaseAuth */; };
		81F031292EC175D4009A82CD /* FirebaseCrashlytics in Frameworks */ = {isa = PBXBuildFile; productRef = 81F031282EC175D4009A82CD /* FirebaseCrashlytics */; };
		81F0312B2EC175D4009A82CD /* FirebaseFirestore in Frameworks */ = {isa = PBXBuildFile; productRef = 81F0312A2EC175D4009A82CD /* FirebaseFirestore */; };
		81F0321B2EC532CC009A82CD /* FirebaseAI in Frameworks */ = {isa = PBXBuildFile; productRef = 81F0321A2EC532CC009A82CD /* FirebaseAI */; };
		81F0321D2EC532CC009A82CD /* FirebaseAILogic in Frameworks */ = {isa = PBXBuildFile; productRef = 81F0321C2EC532CC009A82CD /* FirebaseAILogic */; };
		81F0321F2EC532CC009A82CD /* FirebaseStorage in Frameworks */ = {isa = PBXBuildFile; productRef = 81F0321E2EC532CC009A82CD /* FirebaseStorage */; };
		81F032212EC532CC009A82CD /* FirebaseStorageCombine-Community in Frameworks */ = {isa = PBXBuildFile; productRef = 81F032202EC532CC009A82CD /* FirebaseStorageCombine-Community */; };
		81F1331E2ECAA93C001110FE /* GoogleSignInSwift in Frameworks */ = {isa = PBXBuildFile; productRef = 81F1331D2ECAA93C001110FE /* GoogleSignInSwift */; };
/* End PBXBuildFile section */

/* Begin PBXContainerItemProxy section */
		81F030B42EC16D03009A82CD /* PBXContainerItemProxy */ = {
			isa = PBXContainerItemProxy;
			containerPortal = 81F0309E2EC16D00009A82CD /* Project object */;
			proxyType = 1;
			remoteGlobalIDString = 81F030A52EC16D00009A82CD;
			remoteInfo = Version1.3;
		};
		81F030BE2EC16D03009A82CD /* PBXContainerItemProxy */ = {
			isa = PBXContainerItemProxy;
			containerPortal = 81F0309E2EC16D00009A82CD /* Project object */;
			proxyType = 1;
			remoteGlobalIDString = 81F030A52EC16D00009A82CD;
			remoteInfo = Version1.3;
		};
/* End PBXContainerItemProxy section */

/* Begin PBXFileReference section */
		81F030A62EC16D00009A82CD /* Version1.3.app */ = {isa = PBXFileReference; explicitFileType = wrapper.application; includeInIndex = 0; path = Version1.3.app; sourceTree = BUILT_PRODUCTS_DIR; };
		81F030B32EC16D03009A82CD /* Version1.3Tests.xctest */ = {isa = PBXFileReference; explicitFileType = wrapper.cfbundle; includeInIndex = 0; path = Version1.3Tests.xctest; sourceTree = BUILT_PRODUCTS_DIR; };
		81F030BD2EC16D03009A82CD /* Version1.3UITests.xctest */ = {isa = PBXFileReference; explicitFileType = wrapper.cfbundle; includeInIndex = 0; path = Version1.3UITests.xctest; sourceTree = BUILT_PRODUCTS_DIR; };
/* End PBXFileReference section */

/* Begin PBXFileSystemSynchronizedBuildFileExceptionSet section */
		81F032322EC66D87009A82CD /* Exceptions for "Version1.3" folder in "Version1.3" target */ = {
			isa = PBXFileSystemSynchronizedBuildFileExceptionSet;
			membershipExceptions = (
				ViewModels/DeleteAccountViewModel.swift,
				ViewModels/ProfessionalViewModel.swift,
			);
			target = 81F030A52EC16D00009A82CD /* Version1.3 */;
		};
/* End PBXFileSystemSynchronizedBuildFileExceptionSet section */

/* Begin PBXFileSystemSynchronizedRootGroup section */
		81F030A82EC16D00009A82CD /* Version1.3 */ = {
			isa = PBXFileSystemSynchronizedRootGroup;
			exceptions = (
				81F032322EC66D87009A82CD /* Exceptions for "Version1.3" folder in "Version1.3" target */,
			);
			path = Version1.3;
			sourceTree = "<group>";
		};
		81F030B62EC16D03009A82CD /* Version1.3Tests */ = {
			isa = PBXFileSystemSynchronizedRootGroup;
			path = Version1.3Tests;
			sourceTree = "<group>";
		};
		81F030C02EC16D03009A82CD /* Version1.3UITests */ = {
			isa = PBXFileSystemSynchronizedRootGroup;
			path = Version1.3UITests;
			sourceTree = "<group>";
		};
/* End PBXFileSystemSynchronizedRootGroup section */

/* Begin PBXFrameworksBuildPhase section */
		81F030A32EC16D00009A82CD /* Frameworks */ = {
			isa = PBXFrameworksBuildPhase;
			buildActionMask = 2147483647;
			files = (
				81F1331E2ECAA93C001110FE /* GoogleSignInSwift in Frameworks */,
				81F0321D2EC532CC009A82CD /* FirebaseAILogic in Frameworks */,
				81F0321B2EC532CC009A82CD /* FirebaseAI in Frameworks */,
				81F032212EC532CC009A82CD /* FirebaseStorageCombine-Community in Frameworks */,
				81F031292EC175D4009A82CD /* FirebaseCrashlytics in Frameworks */,
				81F0312B2EC175D4009A82CD /* FirebaseFirestore in Frameworks */,
				81F0321F2EC532CC009A82CD /* FirebaseStorage in Frameworks */,
				81F031252EC175D4009A82CD /* FirebaseAnalytics in Frameworks */,
				81F031272EC175D4009A82CD /* FirebaseAuth in Frameworks */,
			);
			runOnlyForDeploymentPostprocessing = 0;
		};
		81F030B02EC16D03009A82CD /* Frameworks */ = {
			isa = PBXFrameworksBuildPhase;
			buildActionMask = 2147483647;
			files = (
			);
			runOnlyForDeploymentPostprocessing = 0;
		};
		81F030BA2EC16D03009A82CD /* Frameworks */ = {
			isa = PBXFrameworksBuildPhase;
			buildActionMask = 2147483647;
			files = (
			);
			runOnlyForDeploymentPostprocessing = 0;
		};
/* End PBXFrameworksBuildPhase section */

/* Begin PBXGroup section */
		81F0309D2EC16D00009A82CD = {
			isa = PBXGroup;
			children = (
				81F030A82EC16D00009A82CD /* Version1.3 */,
				81F030B62EC16D03009A82CD /* Version1.3Tests */,
				81F030C02EC16D03009A82CD /* Version1.3UITests */,
				81F030A72EC16D00009A82CD /* Products */,
			);
			sourceTree = "<group>";
		};
		81F030A72EC16D00009A82CD /* Products */ = {
			isa = PBXGroup;
			children = (
				81F030A62EC16D00009A82CD /* Version1.3.app */,
				81F030B32EC16D03009A82CD /* Version1.3Tests.xctest */,
				81F030BD2EC16D03009A82CD /* Version1.3UITests.xctest */,
			);
			name = Products;
			sourceTree = "<group>";
		};
/* End PBXGroup section */

/* Begin PBXNativeTarget section */
		81F030A52EC16D00009A82CD /* Version1.3 */ = {
			isa = PBXNativeTarget;
			buildConfigurationList = 81F030C72EC16D03009A82CD /* Build configuration list for PBXNativeTarget "Version1.3" */;
			buildPhases = (
				81F030A22EC16D00009A82CD /* Sources */,
				81F030A32EC16D00009A82CD /* Frameworks */,
				81F030A42EC16D00009A82CD /* Resources */,
			);
			buildRules = (
			);
			dependencies = (
			);
			fileSystemSynchronizedGroups = (
				81F030A82EC16D00009A82CD /* Version1.3 */,
			);
			name = Version1.3;
			packageProductDependencies = (
				81F031242EC175D4009A82CD /* FirebaseAnalytics */,
				81F031262EC175D4009A82CD /* FirebaseAuth */,
				81F031282EC175D4009A82CD /* FirebaseCrashlytics */,
				81F0312A2EC175D4009A82CD /* FirebaseFirestore */,
				81F0321A2EC532CC009A82CD /* FirebaseAI */,
				81F0321C2EC532CC009A82CD /* FirebaseAILogic */,
				81F0321E2EC532CC009A82CD /* FirebaseStorage */,
				81F032202EC532CC009A82CD /* FirebaseStorageCombine-Community */,
				81F1331D2ECAA93C001110FE /* GoogleSignInSwift */,
			);
			productName = Version1.3;
			productReference = 81F030A62EC16D00009A82CD /* Version1.3.app */;
			productType = "com.apple.product-type.application";
		};
		81F030B22EC16D03009A82CD /* Version1.3Tests */ = {
			isa = PBXNativeTarget;
			buildConfigurationList = 81F030CA2EC16D03009A82CD /* Build configuration list for PBXNativeTarget "Version1.3Tests" */;
			buildPhases = (
				81F030AF2EC16D03009A82CD /* Sources */,
				81F030B02EC16D03009A82CD /* Frameworks */,
				81F030B12EC16D03009A82CD /* Resources */,
			);
			buildRules = (
			);
			dependencies = (
				81F030B52EC16D03009A82CD /* PBXTargetDependency */,
			);
			fileSystemSynchronizedGroups = (
				81F030B62EC16D03009A82CD /* Version1.3Tests */,
			);
			name = Version1.3Tests;
			packageProductDependencies = (
			);
			productName = Version1.3Tests;
			productReference = 81F030B32EC16D03009A82CD /* Version1.3Tests.xctest */;
			productType = "com.apple.product-type.bundle.unit-test";
		};
		81F030BC2EC16D03009A82CD /* Version1.3UITests */ = {
			isa = PBXNativeTarget;
			buildConfigurationList = 81F030CD2EC16D03009A82CD /* Build configuration list for PBXNativeTarget "Version1.3UITests" */;
			buildPhases = (
				81F030B92EC16D03009A82CD /* Sources */,
				81F030BA2EC16D03009A82CD /* Frameworks */,
				81F030BB2EC16D03009A82CD /* Resources */,
			);
			buildRules = (
			);
			dependencies = (
				81F030BF2EC16D03009A82CD /* PBXTargetDependency */,
			);
			fileSystemSynchronizedGroups = (
				81F030C02EC16D03009A82CD /* Version1.3UITests */,
			);
			name = Version1.3UITests;
			packageProductDependencies = (
			);
			productName = Version1.3UITests;
			productReference = 81F030BD2EC16D03009A82CD /* Version1.3UITests.xctest */;
			productType = "com.apple.product-type.bundle.ui-testing";
		};
/* End PBXNativeTarget section */

/* Begin PBXProject section */
		81F0309E2EC16D00009A82CD /* Project object */ = {
			isa = PBXProject;
			attributes = {
				BuildIndependentTargetsInParallel = 1;
				LastSwiftUpdateCheck = 2600;
				LastUpgradeCheck = 2600;
				TargetAttributes = {
					81F030A52EC16D00009A82CD = {
						CreatedOnToolsVersion = 26.0.1;
					};
					81F030B22EC16D03009A82CD = {
						CreatedOnToolsVersion = 26.0.1;
						TestTargetID = 81F030A52EC16D00009A82CD;
					};
					81F030BC2EC16D03009A82CD = {
						CreatedOnToolsVersion = 26.0.1;
						TestTargetID = 81F030A52EC16D00009A82CD;
					};
				};
			};
			buildConfigurationList = 81F030A12EC16D00009A82CD /* Build configuration list for PBXProject "Version1.3" */;
			developmentRegion = en;
			hasScannedForEncodings = 0;
			knownRegions = (
				en,
				Base,
			);
			mainGroup = 81F0309D2EC16D00009A82CD;
			minimizedProjectReferenceProxies = 1;
			packageReferences = (
				81F031232EC175D4009A82CD /* XCRemoteSwiftPackageReference "firebase-ios-sdk" */,
				81F1331C2ECAA93C001110FE /* XCRemoteSwiftPackageReference "GoogleSignIn-iOS" */,
			);
			preferredProjectObjectVersion = 77;
			productRefGroup = 81F030A72EC16D00009A82CD /* Products */;
			projectDirPath = "";
			projectRoot = "";
			targets = (
				81F030A52EC16D00009A82CD /* Version1.3 */,
				81F030B22EC16D03009A82CD /* Version1.3Tests */,
				81F030BC2EC16D03009A82CD /* Version1.3UITests */,
			);
		};
/* End PBXProject section */

/* Begin PBXResourcesBuildPhase section */
		81F030A42EC16D00009A82CD /* Resources */ = {
			isa = PBXResourcesBuildPhase;
			buildActionMask = 2147483647;
			files = (
			);
			runOnlyForDeploymentPostprocessing = 0;
		};
		81F030B12EC16D03009A82CD /* Resources */ = {
			isa = PBXResourcesBuildPhase;
			buildActionMask = 2147483647;
			files = (
			);
			runOnlyForDeploymentPostprocessing = 0;
		};
		81F030BB2EC16D03009A82CD /* Resources */ = {
			isa = PBXResourcesBuildPhase;
			buildActionMask = 2147483647;
			files = (
			);
			runOnlyForDeploymentPostprocessing = 0;
		};
/* End PBXResourcesBuildPhase section */

/* Begin PBXSourcesBuildPhase section */
		81F030A22EC16D00009A82CD /* Sources */ = {
			isa = PBXSourcesBuildPhase;
			buildActionMask = 2147483647;
			files = (
			);
			runOnlyForDeploymentPostprocessing = 0;
		};
		81F030AF2EC16D03009A82CD /* Sources */ = {
			isa = PBXSourcesBuildPhase;
			buildActionMask = 2147483647;
			files = (
			);
			runOnlyForDeploymentPostprocessing = 0;
		};
		81F030B92EC16D03009A82CD /* Sources */ = {
			isa = PBXSourcesBuildPhase;
			buildActionMask = 2147483647;
			files = (
			);
			runOnlyForDeploymentPostprocessing = 0;
		};
/* End PBXSourcesBuildPhase section */

/* Begin PBXTargetDependency section */
		81F030B52EC16D03009A82CD /* PBXTargetDependency */ = {
			isa = PBXTargetDependency;
			target = 81F030A52EC16D00009A82CD /* Version1.3 */;
			targetProxy = 81F030B42EC16D03009A82CD /* PBXContainerItemProxy */;
		};
		81F030BF2EC16D03009A82CD /* PBXTargetDependency */ = {
			isa = PBXTargetDependency;
			target = 81F030A52EC16D00009A82CD /* Version1.3 */;
			targetProxy = 81F030BE2EC16D03009A82CD /* PBXContainerItemProxy */;
		};
/* End PBXTargetDependency section */

/* Begin XCBuildConfiguration section */
		81F030C52EC16D03009A82CD /* Debug */ = {
			isa = XCBuildConfiguration;
			buildSettings = {
				ALWAYS_SEARCH_USER_PATHS = NO;
				ASSETCATALOG_COMPILER_GENERATE_SWIFT_ASSET_SYMBOL_EXTENSIONS = YES;
				CLANG_ANALYZER_NONNULL = YES;
				CLANG_ANALYZER_NUMBER_OBJECT_CONVERSION = YES_AGGRESSIVE;
				CLANG_CXX_LANGUAGE_STANDARD = "gnu++20";
				CLANG_ENABLE_MODULES = YES;
				CLANG_ENABLE_OBJC_ARC = YES;
				CLANG_ENABLE_OBJC_WEAK = YES;
				CLANG_WARN_BLOCK_CAPTURE_AUTORELEASING = YES;
				CLANG_WARN_BOOL_CONVERSION = YES;
				CLANG_WARN_COMMA = YES;
				CLANG_WARN_CONSTANT_CONVERSION = YES;
				CLANG_WARN_DEPRECATED_OBJC_IMPLEMENTATIONS = YES;
				CLANG_WARN_DIRECT_OBJC_ISA_USAGE = YES_ERROR;
				CLANG_WARN_DOCUMENTATION_COMMENTS = YES;
				CLANG_WARN_EMPTY_BODY = YES;
				CLANG_WARN_ENUM_CONVERSION = YES;
				CLANG_WARN_INFINITE_RECURSION = YES;
				CLANG_WARN_INT_CONVERSION = YES;
				CLANG_WARN_NON_LITERAL_NULL_CONVERSION = YES;
				CLANG_WARN_OBJC_IMPLICIT_RETAIN_SELF = YES;
				CLANG_WARN_OBJC_LITERAL_CONVERSION = YES;
				CLANG_WARN_OBJC_ROOT_CLASS = YES_ERROR;
				CLANG_WARN_QUOTED_INCLUDE_IN_FRAMEWORK_HEADER = YES;
				CLANG_WARN_RANGE_LOOP_ANALYSIS = YES;
				CLANG_WARN_STRICT_PROTOTYPES = YES;
				CLANG_WARN_SUSPICIOUS_MOVE = YES;
				CLANG_WARN_UNGUARDED_AVAILABILITY = YES_AGGRESSIVE;
				CLANG_WARN_UNREACHABLE_CODE = YES;
				CLANG_WARN__DUPLICATE_METHOD_MATCH = YES;
				COPY_PHASE_STRIP = NO;
				DEBUG_INFORMATION_FORMAT = dwarf;
				ENABLE_STRICT_OBJC_MSGSEND = YES;
				ENABLE_TESTABILITY = YES;
				ENABLE_USER_SCRIPT_SANDBOXING = YES;
				GCC_C_LANGUAGE_STANDARD = gnu17;
				GCC_DYNAMIC_NO_PIC = NO;
				GCC_NO_COMMON_BLOCKS = YES;
				GCC_OPTIMIZATION_LEVEL = 0;
				GCC_PREPROCESSOR_DEFINITIONS = (
					"DEBUG=1",
					"$(inherited)",
				);
				GCC_WARN_64_TO_32_BIT_CONVERSION = YES;
				GCC_WARN_ABOUT_RETURN_TYPE = YES_ERROR;
				GCC_WARN_UNDECLARED_SELECTOR = YES;
				GCC_WARN_UNINITIALIZED_AUTOS = YES_AGGRESSIVE;
				GCC_WARN_UNUSED_FUNCTION = YES;
				GCC_WARN_UNUSED_VARIABLE = YES;
				IPHONEOS_DEPLOYMENT_TARGET = 26.0;
				LOCALIZATION_PREFERS_STRING_CATALOGS = YES;
				MTL_ENABLE_DEBUG_INFO = INCLUDE_SOURCE;
				MTL_FAST_MATH = YES;
				ONLY_ACTIVE_ARCH = YES;
				SDKROOT = iphoneos;
				SWIFT_ACTIVE_COMPILATION_CONDITIONS = "DEBUG $(inherited)";
				SWIFT_OPTIMIZATION_LEVEL = "-Onone";
			};
			name = Debug;
		};
		81F030C62EC16D03009A82CD /* Release */ = {
			isa = XCBuildConfiguration;
			buildSettings = {
				ALWAYS_SEARCH_USER_PATHS = NO;
				ASSETCATALOG_COMPILER_GENERATE_SWIFT_ASSET_SYMBOL_EXTENSIONS = YES;
				CLANG_ANALYZER_NONNULL = YES;
				CLANG_ANALYZER_NUMBER_OBJECT_CONVERSION = YES_AGGRESSIVE;
				CLANG_CXX_LANGUAGE_STANDARD = "gnu++20";
				CLANG_ENABLE_MODULES = YES;
				CLANG_ENABLE_OBJC_ARC = YES;
				CLANG_ENABLE_OBJC_WEAK = YES;
				CLANG_WARN_BLOCK_CAPTURE_AUTORELEASING = YES;
				CLANG_WARN_BOOL_CONVERSION = YES;
				CLANG_WARN_COMMA = YES;
				CLANG_WARN_CONSTANT_CONVERSION = YES;
				CLANG_WARN_DEPRECATED_OBJC_IMPLEMENTATIONS = YES;
				CLANG_WARN_DIRECT_OBJC_ISA_USAGE = YES_ERROR;
				CLANG_WARN_DOCUMENTATION_COMMENTS = YES;
				CLANG_WARN_EMPTY_BODY = YES;
				CLANG_WARN_ENUM_CONVERSION = YES;
				CLANG_WARN_INFINITE_RECURSION = YES;
				CLANG_WARN_INT_CONVERSION = YES;
				CLANG_WARN_NON_LITERAL_NULL_CONVERSION = YES;
				CLANG_WARN_OBJC_IMPLICIT_RETAIN_SELF = YES;
				CLANG_WARN_OBJC_LITERAL_CONVERSION = YES;
				CLANG_WARN_OBJC_ROOT_CLASS = YES_ERROR;
				CLANG_WARN_QUOTED_INCLUDE_IN_FRAMEWORK_HEADER = YES;
				CLANG_WARN_RANGE_LOOP_ANALYSIS = YES;
				CLANG_WARN_STRICT_PROTOTYPES = YES;
				CLANG_WARN_SUSPICIOUS_MOVE = YES;
				CLANG_WARN_UNGUARDED_AVAILABILITY = YES_AGGRESSIVE;
				CLANG_WARN_UNREACHABLE_CODE = YES;
				CLANG_WARN__DUPLICATE_METHOD_MATCH = YES;
				COPY_PHASE_STRIP = NO;
				DEBUG_INFORMATION_FORMAT = "dwarf-with-dsym";
				ENABLE_NS_ASSERTIONS = NO;
				ENABLE_STRICT_OBJC_MSGSEND = YES;
				ENABLE_USER_SCRIPT_SANDBOXING = YES;
				GCC_C_LANGUAGE_STANDARD = gnu17;
				GCC_NO_COMMON_BLOCKS = YES;
				GCC_WARN_64_TO_32_BIT_CONVERSION = YES;
				GCC_WARN_ABOUT_RETURN_TYPE = YES_ERROR;
				GCC_WARN_UNDECLARED_SELECTOR = YES;
				GCC_WARN_UNINITIALIZED_AUTOS = YES_AGGRESSIVE;
				GCC_WARN_UNUSED_FUNCTION = YES;
				GCC_WARN_UNUSED_VARIABLE = YES;
				IPHONEOS_DEPLOYMENT_TARGET = 26.0;
				LOCALIZATION_PREFERS_STRING_CATALOGS = YES;
				MTL_ENABLE_DEBUG_INFO = NO;
				MTL_FAST_MATH = YES;
				SDKROOT = iphoneos;
				SWIFT_COMPILATION_MODE = wholemodule;
				VALIDATE_PRODUCT = YES;
			};
			name = Release;
		};
		81F030C82EC16D03009A82CD /* Debug */ = {
			isa = XCBuildConfiguration;
			buildSettings = {
				ASSETCATALOG_COMPILER_APPICON_NAME = AppIcon;
				ASSETCATALOG_COMPILER_GLOBAL_ACCENT_COLOR_NAME = AccentColor;
				CODE_SIGN_STYLE = Automatic;
				CURRENT_PROJECT_VERSION = 1;
				DEVELOPMENT_TEAM = H7MPYP8SM6;
				ENABLE_PREVIEWS = YES;
				GENERATE_INFOPLIST_FILE = YES;
				INFOPLIST_KEY_UIApplicationSceneManifest_Generation = YES;
				INFOPLIST_KEY_UIApplicationSupportsIndirectInputEvents = YES;
				INFOPLIST_KEY_UILaunchScreen_Generation = YES;
				INFOPLIST_KEY_UISupportedInterfaceOrientations_iPad = "UIInterfaceOrientationPortrait UIInterfaceOrientationPortraitUpsideDown UIInterfaceOrientationLandscapeLeft UIInterfaceOrientationLandscapeRight";
				INFOPLIST_KEY_UISupportedInterfaceOrientations_iPhone = "UIInterfaceOrientationPortrait UIInterfaceOrientationLandscapeLeft UIInterfaceOrientationLandscapeRight";
				LD_RUNPATH_SEARCH_PATHS = (
					"$(inherited)",
					"@executable_path/Frameworks",
				);
				MARKETING_VERSION = 1.0;
				PRODUCT_BUNDLE_IDENTIFIER = "meuapp.com.Version1-3";
				PRODUCT_NAME = "$(TARGET_NAME)";
				STRING_CATALOG_GENERATE_SYMBOLS = YES;
				SWIFT_APPROACHABLE_CONCURRENCY = YES;
				SWIFT_DEFAULT_ACTOR_ISOLATION = MainActor;
				SWIFT_EMIT_LOC_STRINGS = YES;
				SWIFT_UPCOMING_FEATURE_MEMBER_IMPORT_VISIBILITY = YES;
				SWIFT_VERSION = 5.0;
				TARGETED_DEVICE_FAMILY = "1,2";
			};
			name = Debug;
		};
		81F030C92EC16D03009A82CD /* Release */ = {
			isa = XCBuildConfiguration;
			buildSettings = {
				ASSETCATALOG_COMPILER_APPICON_NAME = AppIcon;
				ASSETCATALOG_COMPILER_GLOBAL_ACCENT_COLOR_NAME = AccentColor;
				CODE_SIGN_STYLE = Automatic;
				CURRENT_PROJECT_VERSION = 1;
				DEVELOPMENT_TEAM = H7MPYP8SM6;
				ENABLE_PREVIEWS = YES;
				GENERATE_INFOPLIST_FILE = YES;
				INFOPLIST_KEY_UIApplicationSceneManifest_Generation = YES;
				INFOPLIST_KEY_UIApplicationSupportsIndirectInputEvents = YES;
				INFOPLIST_KEY_UILaunchScreen_Generation = YES;
				INFOPLIST_KEY_UISupportedInterfaceOrientations_iPad = "UIInterfaceOrientationPortrait UIInterfaceOrientationPortraitUpsideDown UIInterfaceOrientationLandscapeLeft UIInterfaceOrientationLandscapeRight";
				INFOPLIST_KEY_UISupportedInterfaceOrientations_iPhone = "UIInterfaceOrientationPortrait UIInterfaceOrientationLandscapeLeft UIInterfaceOrientationLandscapeRight";
				LD_RUNPATH_SEARCH_PATHS = (
					"$(inherited)",
					"@executable_path/Frameworks",
				);
				MARKETING_VERSION = 1.0;
				PRODUCT_BUNDLE_IDENTIFIER = "meuapp.com.Version1-3";
				PRODUCT_NAME = "$(TARGET_NAME)";
				STRING_CATALOG_GENERATE_SYMBOLS = YES;
				SWIFT_APPROACHABLE_CONCURRENCY = YES;
				SWIFT_DEFAULT_ACTOR_ISOLATION = MainActor;
				SWIFT_EMIT_LOC_STRINGS = YES;
				SWIFT_UPCOMING_FEATURE_MEMBER_IMPORT_VISIBILITY = YES;
				SWIFT_VERSION = 5.0;
				TARGETED_DEVICE_FAMILY = "1,2";
			};
			name = Release;
		};
		81F030CB2EC16D03009A82CD /* Debug */ = {
			isa = XCBuildConfiguration;
			buildSettings = {
				BUNDLE_LOADER = "$(TEST_HOST)";
				CODE_SIGN_STYLE = Automatic;
				CURRENT_PROJECT_VERSION = 1;
				DEVELOPMENT_TEAM = H7MPYP8SM6;
				GENERATE_INFOPLIST_FILE = YES;
				IPHONEOS_DEPLOYMENT_TARGET = 26.0;
				MARKETING_VERSION = 1.0;
				PRODUCT_BUNDLE_IDENTIFIER = "meuapp.com.Version1-3Tests";
				PRODUCT_NAME = "$(TARGET_NAME)";
				STRING_CATALOG_GENERATE_SYMBOLS = NO;
				SWIFT_APPROACHABLE_CONCURRENCY = YES;
				SWIFT_EMIT_LOC_STRINGS = NO;
				SWIFT_UPCOMING_FEATURE_MEMBER_IMPORT_VISIBILITY = YES;
				SWIFT_VERSION = 5.0;
				TARGETED_DEVICE_FAMILY = "1,2";
				TEST_HOST = "$(BUILT_PRODUCTS_DIR)/Version1.3.app/$(BUNDLE_EXECUTABLE_FOLDER_PATH)/Version1.3";
			};
			name = Debug;
		};
		81F030CC2EC16D03009A82CD /* Release */ = {
			isa = XCBuildConfiguration;
			buildSettings = {
				BUNDLE_LOADER = "$(TEST_HOST)";
				CODE_SIGN_STYLE = Automatic;
				CURRENT_PROJECT_VERSION = 1;
				DEVELOPMENT_TEAM = H7MPYP8SM6;
				GENERATE_INFOPLIST_FILE = YES;
				IPHONEOS_DEPLOYMENT_TARGET = 26.0;
				MARKETING_VERSION = 1.0;
				PRODUCT_BUNDLE_IDENTIFIER = "meuapp.com.Version1-3Tests";
				PRODUCT_NAME = "$(TARGET_NAME)";
				STRING_CATALOG_GENERATE_SYMBOLS = NO;
				SWIFT_APPROACHABLE_CONCURRENCY = YES;
				SWIFT_EMIT_LOC_STRINGS = NO;
				SWIFT_UPCOMING_FEATURE_MEMBER_IMPORT_VISIBILITY = YES;
				SWIFT_VERSION = 5.0;
				TARGETED_DEVICE_FAMILY = "1,2";
				TEST_HOST = "$(BUILT_PRODUCTS_DIR)/Version1.3.app/$(BUNDLE_EXECUTABLE_FOLDER_PATH)/Version1.3";
			};
			name = Release;
		};
		81F030CE2EC16D03009A82CD /* Debug */ = {
			isa = XCBuildConfiguration;
			buildSettings = {
				CODE_SIGN_STYLE = Automatic;
				CURRENT_PROJECT_VERSION = 1;
				DEVELOPMENT_TEAM = H7MPYP8SM6;
				GENERATE_INFOPLIST_FILE = YES;
				MARKETING_VERSION = 1.0;
				PRODUCT_BUNDLE_IDENTIFIER = "meuapp.com.Version1-3UITests";
				PRODUCT_NAME = "$(TARGET_NAME)";
				STRING_CATALOG_GENERATE_SYMBOLS = NO;
				SWIFT_APPROACHABLE_CONCURRENCY = YES;
				SWIFT_EMIT_LOC_STRINGS = NO;
				SWIFT_UPCOMING_FEATURE_MEMBER_IMPORT_VISIBILITY = YES;
				SWIFT_VERSION = 5.0;
				TARGETED_DEVICE_FAMILY = "1,2";
				TEST_TARGET_NAME = Version1.3;
			};
			name = Debug;
		};
		81F030CF2EC16D03009A82CD /* Release */ = {
			isa = XCBuildConfiguration;
			buildSettings = {
				CODE_SIGN_STYLE = Automatic;
				CURRENT_PROJECT_VERSION = 1;
				DEVELOPMENT_TEAM = H7MPYP8SM6;
				GENERATE_INFOPLIST_FILE = YES;
				MARKETING_VERSION = 1.0;
				PRODUCT_BUNDLE_IDENTIFIER = "meuapp.com.Version1-3UITests";
				PRODUCT_NAME = "$(TARGET_NAME)";
				STRING_CATALOG_GENERATE_SYMBOLS = NO;
				SWIFT_APPROACHABLE_CONCURRENCY = YES;
				SWIFT_EMIT_LOC_STRINGS = NO;
				SWIFT_UPCOMING_FEATURE_MEMBER_IMPORT_VISIBILITY = YES;
				SWIFT_VERSION = 5.0;
				TARGETED_DEVICE_FAMILY = "1,2";
				TEST_TARGET_NAME = Version1.3;
			};
			name = Release;
		};
/* End XCBuildConfiguration section */

/* Begin XCConfigurationList section */
		81F030A12EC16D00009A82CD /* Build configuration list for PBXProject "Version1.3" */ = {
			isa = XCConfigurationList;
			buildConfigurations = (
				81F030C52EC16D03009A82CD /* Debug */,
				81F030C62EC16D03009A82CD /* Release */,
			);
			defaultConfigurationIsVisible = 0;
			defaultConfigurationName = Release;
		};
		81F030C72EC16D03009A82CD /* Build configuration list for PBXNativeTarget "Version1.3" */ = {
			isa = XCConfigurationList;
			buildConfigurations = (
				81F030C82EC16D03009A82CD /* Debug */,
				81F030C92EC16D03009A82CD /* Release */,
			);
			defaultConfigurationIsVisible = 0;
			defaultConfigurationName = Release;
		};
		81F030CA2EC16D03009A82CD /* Build configuration list for PBXNativeTarget "Version1.3Tests" */ = {
			isa = XCConfigurationList;
			buildConfigurations = (
				81F030CB2EC16D03009A82CD /* Debug */,
				81F030CC2EC16D03009A82CD /* Release */,
			);
			defaultConfigurationIsVisible = 0;
			defaultConfigurationName = Release;
		};
		81F030CD2EC16D03009A82CD /* Build configuration list for PBXNativeTarget "Version1.3UITests" */ = {
			isa = XCConfigurationList;
			buildConfigurations = (
				81F030CE2EC16D03009A82CD /* Debug */,
				81F030CF2EC16D03009A82CD /* Release */,
			);
			defaultConfigurationIsVisible = 0;
			defaultConfigurationName = Release;
		};
/* End XCConfigurationList section */

/* Begin XCRemoteSwiftPackageReference section */
		81F031232EC175D4009A82CD /* XCRemoteSwiftPackageReference "firebase-ios-sdk" */ = {
			isa = XCRemoteSwiftPackageReference;
			repositoryURL = "https://github.com/firebase/firebase-ios-sdk";
			requirement = {
				kind = upToNextMajorVersion;
				minimumVersion = 12.5.0;
			};
		};
		81F1331C2ECAA93C001110FE /* XCRemoteSwiftPackageReference "GoogleSignIn-iOS" */ = {
			isa = XCRemoteSwiftPackageReference;
			repositoryURL = "https://github.com/google/GoogleSignIn-iOS";
			requirement = {
				kind = upToNextMajorVersion;
				minimumVersion = 9.0.0;
			};
		};
/* End XCRemoteSwiftPackageReference section */

/* Begin XCSwiftPackageProductDependency section */
		81F031242EC175D4009A82CD /* FirebaseAnalytics */ = {
			isa = XCSwiftPackageProductDependency;
			package = 81F031232EC175D4009A82CD /* XCRemoteSwiftPackageReference "firebase-ios-sdk" */;
			productName = FirebaseAnalytics;
		};
		81F031262EC175D4009A82CD /* FirebaseAuth */ = {
			isa = XCSwiftPackageProductDependency;
			package = 81F031232EC175D4009A82CD /* XCRemoteSwiftPackageReference "firebase-ios-sdk" */;
			productName = FirebaseAuth;
		};
		81F031282EC175D4009A82CD /* FirebaseCrashlytics */ = {
			isa = XCSwiftPackageProductDependency;
			package = 81F031232EC175D4009A82CD /* XCRemoteSwiftPackageReference "firebase-ios-sdk" */;
			productName = FirebaseCrashlytics;
		};
		81F0312A2EC175D4009A82CD /* FirebaseFirestore */ = {
			isa = XCSwiftPackageProductDependency;
			package = 81F031232EC175D4009A82CD /* XCRemoteSwiftPackageReference "firebase-ios-sdk" */;
			productName = FirebaseFirestore;
		};
		81F0321A2EC532CC009A82CD /* FirebaseAI */ = {
			isa = XCSwiftPackageProductDependency;
			package = 81F031232EC175D4009A82CD /* XCRemoteSwiftPackageReference "firebase-ios-sdk" */;
			productName = FirebaseAI;
		};
		81F0321C2EC532CC009A82CD /* FirebaseAILogic */ = {
			isa = XCSwiftPackageProductDependency;
			package = 81F031232EC175D4009A82CD /* XCRemoteSwiftPackageReference "firebase-ios-sdk" */;
			productName = FirebaseAILogic;
		};
		81F0321E2EC532CC009A82CD /* FirebaseStorage */ = {
			isa = XCSwiftPackageProductDependency;
			package = 81F031232EC175D4009A82CD /* XCRemoteSwiftPackageReference "firebase-ios-sdk" */;
			productName = FirebaseStorage;
		};
		81F032202EC532CC009A82CD /* FirebaseStorageCombine-Community */ = {
			isa = XCSwiftPackageProductDependency;
			package = 81F031232EC175D4009A82CD /* XCRemoteSwiftPackageReference "firebase-ios-sdk" */;
			productName = "FirebaseStorageCombine-Community";
		};
		81F1331D2ECAA93C001110FE /* GoogleSignInSwift */ = {
			isa = XCSwiftPackageProductDependency;
			package = 81F1331C2ECAA93C001110FE /* XCRemoteSwiftPackageReference "GoogleSignIn-iOS" */;
			productName = GoogleSignInSwift;
		};
/* End XCSwiftPackageProductDependency section */
	};
	rootObject = 81F0309E2EC16D00009A82CD /* Project object */;
}
